
Microsoft Visual Studio Solution File, Format Version 12.00
# Visual Studio 15
VisualStudioVersion = 15.0.26124.0
MinimumVisualStudioVersion = 15.0.26124.0
Project("{2150E333-8FDC-42A3-9474-1A3956D46DE8}") = "src", "src", "{0C32658E-5765-47E7-BB6E-5B9F59C6273D}"
EndProject
Project("{2150E333-8FDC-42A3-9474-1A3956D46DE8}") = "TypedPersistence", "TypedPersistence", "{9EC8965F-BD65-4C1C-BE84-9FD70167DF05}"
EndProject
Project("{F2A71F9B-5D33-465A-A702-920D77279786}") = "Core", "src\TypedPersistence\Core\Core.fsproj", "{901E6ABA-4F2C-4DE7-A3FE-6E523CF20A2C}"
EndProject
Project("{F2A71F9B-5D33-465A-A702-920D77279786}") = "Json", "src\TypedPersistence\Json\Json.fsproj", "{2409C2F4-7B95-4966-82BF-63F438C3E98C}"
EndProject
Project("{2150E333-8FDC-42A3-9474-1A3956D46DE8}") = "tests", "tests", "{ACEC4ACA-9C74-4B6A-97F5-655CB4AD8858}"
EndProject
Project("{F2A71F9B-5D33-465A-A702-920D77279786}") = "TypedPersistence.UnitTests", "tests\TypedPersistence.UnitTests\TypedPersistence.UnitTests.fsproj", "{CC85E1FD-47DD-4121-87A1-51A738A33669}"
EndProject
Global
	GlobalSection(SolutionConfigurationPlatforms) = preSolution
		Debug|Any CPU = Debug|Any CPU
		Debug|x64 = Debug|x64
		Debug|x86 = Debug|x86
		Release|Any CPU = Release|Any CPU
		Release|x64 = Release|x64
		Release|x86 = Release|x86
	EndGlobalSection
	GlobalSection(SolutionProperties) = preSolution
		HideSolutionNode = FALSE
	EndGlobalSection
	GlobalSection(ProjectConfigurationPlatforms) = postSolution
		{901E6ABA-4F2C-4DE7-A3FE-6E523CF20A2C}.Debug|Any CPU.ActiveCfg = Debug|Any CPU
		{901E6ABA-4F2C-4DE7-A3FE-6E523CF20A2C}.Debug|Any CPU.Build.0 = Debug|Any CPU
		{901E6ABA-4F2C-4DE7-A3FE-6E523CF20A2C}.Debug|x64.ActiveCfg = Debug|Any CPU
		{901E6ABA-4F2C-4DE7-A3FE-6E523CF20A2C}.Debug|x64.Build.0 = Debug|Any CPU
		{901E6ABA-4F2C-4DE7-A3FE-6E523CF20A2C}.Debug|x86.ActiveCfg = Debug|Any CPU
		{901E6ABA-4F2C-4DE7-A3FE-6E523CF20A2C}.Debug|x86.Build.0 = Debug|Any CPU
		{901E6ABA-4F2C-4DE7-A3FE-6E523CF20A2C}.Release|Any CPU.ActiveCfg = Release|Any CPU
		{901E6ABA-4F2C-4DE7-A3FE-6E523CF20A2C}.Release|Any CPU.Build.0 = Release|Any CPU
		{901E6ABA-4F2C-4DE7-A3FE-6E523CF20A2C}.Release|x64.ActiveCfg = Release|Any CPU
		{901E6ABA-4F2C-4DE7-A3FE-6E523CF20A2C}.Release|x64.Build.0 = Release|Any CPU
		{901E6ABA-4F2C-4DE7-A3FE-6E523CF20A2C}.Release|x86.ActiveCfg = Release|Any CPU
		{901E6ABA-4F2C-4DE7-A3FE-6E523CF20A2C}.Release|x86.Build.0 = Release|Any CPU
		{2409C2F4-7B95-4966-82BF-63F438C3E98C}.Debug|Any CPU.ActiveCfg = Debug|Any CPU
		{2409C2F4-7B95-4966-82BF-63F438C3E98C}.Debug|Any CPU.Build.0 = Debug|Any CPU
		{2409C2F4-7B95-4966-82BF-63F438C3E98C}.Debug|x64.ActiveCfg = Debug|Any CPU
		{2409C2F4-7B95-4966-82BF-63F438C3E98C}.Debug|x64.Build.0 = Debug|Any CPU
		{2409C2F4-7B95-4966-82BF-63F438C3E98C}.Debug|x86.ActiveCfg = Debug|Any CPU
		{2409C2F4-7B95-4966-82BF-63F438C3E98C}.Debug|x86.Build.0 = Debug|Any CPU
		{2409C2F4-7B95-4966-82BF-63F438C3E98C}.Release|Any CPU.ActiveCfg = Release|Any CPU
		{2409C2F4-7B95-4966-82BF-63F438C3E98C}.Release|Any CPU.Build.0 = Release|Any CPU
		{2409C2F4-7B95-4966-82BF-63F438C3E98C}.Release|x64.ActiveCfg = Release|Any CPU
		{2409C2F4-7B95-4966-82BF-63F438C3E98C}.Release|x64.Build.0 = Release|Any CPU
		{2409C2F4-7B95-4966-82BF-63F438C3E98C}.Release|x86.ActiveCfg = Release|Any CPU
		{2409C2F4-7B95-4966-82BF-63F438C3E98C}.Release|x86.Build.0 = Release|Any CPU
		{CC85E1FD-47DD-4121-87A1-51A738A33669}.Debug|Any CPU.ActiveCfg = Debug|Any CPU
		{CC85E1FD-47DD-4121-87A1-51A738A33669}.Debug|Any CPU.Build.0 = Debug|Any CPU
		{CC85E1FD-47DD-4121-87A1-51A738A33669}.Debug|x64.ActiveCfg = Debug|Any CPU
		{CC85E1FD-47DD-4121-87A1-51A738A33669}.Debug|x64.Build.0 = Debug|Any CPU
		{CC85E1FD-47DD-4121-87A1-51A738A33669}.Debug|x86.ActiveCfg = Debug|Any CPU
		{CC85E1FD-47DD-4121-87A1-51A738A33669}.Debug|x86.Build.0 = Debug|Any CPU
		{CC85E1FD-47DD-4121-87A1-51A738A33669}.Release|Any CPU.ActiveCfg = Release|Any CPU
		{CC85E1FD-47DD-4121-87A1-51A738A33669}.Release|Any CPU.Build.0 = Release|Any CPU
		{CC85E1FD-47DD-4121-87A1-51A738A33669}.Release|x64.ActiveCfg = Release|Any CPU
		{CC85E1FD-47DD-4121-87A1-51A738A33669}.Release|x64.Build.0 = Release|Any CPU
		{CC85E1FD-47DD-4121-87A1-51A738A33669}.Release|x86.ActiveCfg = Release|Any CPU
		{CC85E1FD-47DD-4121-87A1-51A738A33669}.Release|x86.Build.0 = Release|Any CPU
	EndGlobalSection
	GlobalSection(NestedProjects) = preSolution
		{9EC8965F-BD65-4C1C-BE84-9FD70167DF05} = {0C32658E-5765-47E7-BB6E-5B9F59C6273D}
		{901E6ABA-4F2C-4DE7-A3FE-6E523CF20A2C} = {9EC8965F-BD65-4C1C-BE84-9FD70167DF05}
		{2409C2F4-7B95-4966-82BF-63F438C3E98C} = {9EC8965F-BD65-4C1C-BE84-9FD70167DF05}
		{CC85E1FD-47DD-4121-87A1-51A738A33669} = {ACEC4ACA-9C74-4B6A-97F5-655CB4AD8858}
	EndGlobalSection
EndGlobal
